// !$*UTF8*$!
{
	archiveVersion = 1;
	classes = {
	};
	objectVersion = 56;
	objects = {

/* Begin PBXBuildFile section */
		E11A108D2C415B37009D1FC7 /* FirebaseAuth in Frameworks */ = {isa = PBXBuildFile; productRef = E11A108C2C415B37009D1FC7 /* FirebaseAuth */; };
		E11A108F2C415B37009D1FC7 /* FirebaseFirestore in Frameworks */ = {isa = PBXBuildFile; productRef = E11A108E2C415B37009D1FC7 /* FirebaseFirestore */; };
		E11A10912C415B37009D1FC7 /* FirebaseFirestoreCombine-Community in Frameworks */ = {isa = PBXBuildFile; productRef = E11A10902C415B37009D1FC7 /* FirebaseFirestoreCombine-Community */; };
		E11A10932C415B37009D1FC7 /* FirebaseFirestoreSwift in Frameworks */ = {isa = PBXBuildFile; productRef = E11A10922C415B37009D1FC7 /* FirebaseFirestoreSwift */; };
		E11A10A12C415D49009D1FC7 /* CommunityRouter.swift in Sources */ = {isa = PBXBuildFile; fileRef = E11A10A02C415D49009D1FC7 /* CommunityRouter.swift */; };
		E11A10A62C415D98009D1FC7 /* InputView.swift in Sources */ = {isa = PBXBuildFile; fileRef = E11A10A52C415D98009D1FC7 /* InputView.swift */; };
		E11A10A82C415DB6009D1FC7 /* BubbleChat.swift in Sources */ = {isa = PBXBuildFile; fileRef = E11A10A72C415DB6009D1FC7 /* BubbleChat.swift */; };
		E11A10AA2C415DCB009D1FC7 /* ChatView.swift in Sources */ = {isa = PBXBuildFile; fileRef = E11A10A92C415DCB009D1FC7 /* ChatView.swift */; };
		E11A10AC2C415DE6009D1FC7 /* LoginView.swift in Sources */ = {isa = PBXBuildFile; fileRef = E11A10AB2C415DE6009D1FC7 /* LoginView.swift */; };
		E11A10AE2C415DFB009D1FC7 /* RegisterView.swift in Sources */ = {isa = PBXBuildFile; fileRef = E11A10AD2C415DFB009D1FC7 /* RegisterView.swift */; };
		E172A5AA2C4B0E4300C9F385 /* GoogleService-Info.plist in Resources */ = {isa = PBXBuildFile; fileRef = E172A5A92C4B0E4300C9F385 /* GoogleService-Info.plist */; };
		E190533F2C49052000E97723 /* Game in Frameworks */ = {isa = PBXBuildFile; productRef = E190533E2C49052000E97723 /* Game */; };
		E19053412C49052400E97723 /* GameCommunity in Frameworks */ = {isa = PBXBuildFile; productRef = E19053402C49052400E97723 /* GameCommunity */; };
		E1A744EF2C12170F000D9E05 /* GameCard.swift in Sources */ = {isa = PBXBuildFile; fileRef = E1A744EE2C12170F000D9E05 /* GameCard.swift */; };
		E1A744F12C1217A3000D9E05 /* Date+Ext.swift in Sources */ = {isa = PBXBuildFile; fileRef = E1A744F02C1217A3000D9E05 /* Date+Ext.swift */; };
		E1A744F42C1218A0000D9E05 /* GameView.swift in Sources */ = {isa = PBXBuildFile; fileRef = E1A744F32C1218A0000D9E05 /* GameView.swift */; };
		E1A744F82C1218B9000D9E05 /* GameRouter.swift in Sources */ = {isa = PBXBuildFile; fileRef = E1A744F72C1218B9000D9E05 /* GameRouter.swift */; };
		E1A8738A2C10B5C000A7DA7E /* HomeRouter.swift in Sources */ = {isa = PBXBuildFile; fileRef = E1A873892C10B5C000A7DA7E /* HomeRouter.swift */; };
		E1B8A4442C4AF82400EB82D1 /* Core in Frameworks */ = {isa = PBXBuildFile; productRef = E1B8A4432C4AF82400EB82D1 /* Core */; };
		E1BCF0CB2C0F43E500B0ACD0 /* RealmSwift in Frameworks */ = {isa = PBXBuildFile; productRef = E1BCF0CA2C0F43E500B0ACD0 /* RealmSwift */; };
		E1BCF0CC2C0F440800B0ACD0 /* RealmSwift in Embed Frameworks */ = {isa = PBXBuildFile; productRef = E1BCF0CA2C0F43E500B0ACD0 /* RealmSwift */; settings = {ATTRIBUTES = (CodeSignOnCopy, ); }; };
		E1BCF0CE2C0F451300B0ACD0 /* DetailView.swift in Sources */ = {isa = PBXBuildFile; fileRef = E1BCF0CD2C0F451300B0ACD0 /* DetailView.swift */; };
		E1BCF0D02C0F463700B0ACD0 /* TagComponent.swift in Sources */ = {isa = PBXBuildFile; fileRef = E1BCF0CF2C0F463700B0ACD0 /* TagComponent.swift */; };
		E1BCF0DE2C0F59C300B0ACD0 /* CustomeError+Ext.swift in Sources */ = {isa = PBXBuildFile; fileRef = E1BCF0DD2C0F59C300B0ACD0 /* CustomeError+Ext.swift */; };
		E1BCF0E02C0F5BDC00B0ACD0 /* Injection.swift in Sources */ = {isa = PBXBuildFile; fileRef = E1BCF0DF2C0F5BDB00B0ACD0 /* Injection.swift */; };
		E1BCF0E62C0F792200B0ACD0 /* CustomEmptyView.swift in Sources */ = {isa = PBXBuildFile; fileRef = E1BCF0E52C0F792200B0ACD0 /* CustomEmptyView.swift */; };
		E1C8579C2C13152F0086BCE8 /* ProfileView.swift in Sources */ = {isa = PBXBuildFile; fileRef = E1C8579B2C13152F0086BCE8 /* ProfileView.swift */; };
		E1C8579E2C1316250086BCE8 /* ProfilePresenter.swift in Sources */ = {isa = PBXBuildFile; fileRef = E1C8579D2C1316250086BCE8 /* ProfilePresenter.swift */; };
		E1C857A22C1346230086BCE8 /* DetailSocmedView.swift in Sources */ = {isa = PBXBuildFile; fileRef = E1C857A12C1346230086BCE8 /* DetailSocmedView.swift */; };
		E1C857A42C1346530086BCE8 /* EditProfileView.swift in Sources */ = {isa = PBXBuildFile; fileRef = E1C857A32C1346530086BCE8 /* EditProfileView.swift */; };
		E1C857A62C13476E0086BCE8 /* ProfileRouter.swift in Sources */ = {isa = PBXBuildFile; fileRef = E1C857A52C13476E0086BCE8 /* ProfileRouter.swift */; };
		E1C857A82C134A090086BCE8 /* ListGameCell.swift in Sources */ = {isa = PBXBuildFile; fileRef = E1C857A72C134A090086BCE8 /* ListGameCell.swift */; };
		E1C857AA2C134D2F0086BCE8 /* FavoriteView.swift in Sources */ = {isa = PBXBuildFile; fileRef = E1C857A92C134D2F0086BCE8 /* FavoriteView.swift */; };
		E1C857AE2C134D480086BCE8 /* FavoriteRouter.swift in Sources */ = {isa = PBXBuildFile; fileRef = E1C857AD2C134D480086BCE8 /* FavoriteRouter.swift */; };
		E1D276F02C0EDBE700DCE8DE /* TheGameCatalogApp.swift in Sources */ = {isa = PBXBuildFile; fileRef = E1D276EF2C0EDBE700DCE8DE /* TheGameCatalogApp.swift */; };
		E1D276F22C0EDBE700DCE8DE /* ContentView.swift in Sources */ = {isa = PBXBuildFile; fileRef = E1D276F12C0EDBE700DCE8DE /* ContentView.swift */; };
		E1D276F42C0EDBE900DCE8DE /* Assets.xcassets in Resources */ = {isa = PBXBuildFile; fileRef = E1D276F32C0EDBE900DCE8DE /* Assets.xcassets */; };
		E1D276F72C0EDBE900DCE8DE /* Preview Assets.xcassets in Resources */ = {isa = PBXBuildFile; fileRef = E1D276F62C0EDBE900DCE8DE /* Preview Assets.xcassets */; };
		E1D2770E2C0EE0E700DCE8DE /* APICall.swift in Sources */ = {isa = PBXBuildFile; fileRef = E1D2770D2C0EE0E700DCE8DE /* APICall.swift */; };
		E1D277292C0EE22200DCE8DE /* Tab+Ext.swift in Sources */ = {isa = PBXBuildFile; fileRef = E1D277282C0EE22200DCE8DE /* Tab+Ext.swift */; };
		E1D2772B2C0EE4A500DCE8DE /* HomeView.swift in Sources */ = {isa = PBXBuildFile; fileRef = E1D2772A2C0EE4A500DCE8DE /* HomeView.swift */; };
		E1D2772D2C0EE59C00DCE8DE /* CarouselCard.swift in Sources */ = {isa = PBXBuildFile; fileRef = E1D2772C2C0EE59C00DCE8DE /* CarouselCard.swift */; };
		E1D277382C0EEBB200DCE8DE /* Alamofire in Frameworks */ = {isa = PBXBuildFile; productRef = E1D277372C0EEBB200DCE8DE /* Alamofire */; };
		E1D277402C0EEC3300DCE8DE /* CachedAsyncImage in Frameworks */ = {isa = PBXBuildFile; productRef = E1D2773F2C0EEC3300DCE8DE /* CachedAsyncImage */; };
		E1D277422C0EEDAD00DCE8DE /* ImageAndTextComponent.swift in Sources */ = {isa = PBXBuildFile; fileRef = E1D277412C0EEDAD00DCE8DE /* ImageAndTextComponent.swift */; };
		E1F511222C142931001F92E2 /* SearchView.swift in Sources */ = {isa = PBXBuildFile; fileRef = E1F511212C142931001F92E2 /* SearchView.swift */; };
		E1F511262C14294B001F92E2 /* SearchRouter.swift in Sources */ = {isa = PBXBuildFile; fileRef = E1F511252C14294B001F92E2 /* SearchRouter.swift */; };
/* End PBXBuildFile section */

/* Begin PBXCopyFilesBuildPhase section */
		E1BCF0C22C0F417D00B0ACD0 /* Embed Frameworks */ = {
			isa = PBXCopyFilesBuildPhase;
			buildActionMask = 2147483647;
			dstPath = "";
			dstSubfolderSpec = 10;
			files = (
				E1BCF0CC2C0F440800B0ACD0 /* RealmSwift in Embed Frameworks */,
			);
			name = "Embed Frameworks";
			runOnlyForDeploymentPostprocessing = 0;
		};
/* End PBXCopyFilesBuildPhase section */

/* Begin PBXFileReference section */
		E11A10A02C415D49009D1FC7 /* CommunityRouter.swift */ = {isa = PBXFileReference; lastKnownFileType = sourcecode.swift; path = CommunityRouter.swift; sourceTree = "<group>"; };
		E11A10A52C415D98009D1FC7 /* InputView.swift */ = {isa = PBXFileReference; lastKnownFileType = sourcecode.swift; path = InputView.swift; sourceTree = "<group>"; };
		E11A10A72C415DB6009D1FC7 /* BubbleChat.swift */ = {isa = PBXFileReference; lastKnownFileType = sourcecode.swift; path = BubbleChat.swift; sourceTree = "<group>"; };
		E11A10A92C415DCB009D1FC7 /* ChatView.swift */ = {isa = PBXFileReference; lastKnownFileType = sourcecode.swift; path = ChatView.swift; sourceTree = "<group>"; };
		E11A10AB2C415DE6009D1FC7 /* LoginView.swift */ = {isa = PBXFileReference; lastKnownFileType = sourcecode.swift; path = LoginView.swift; sourceTree = "<group>"; };
		E11A10AD2C415DFB009D1FC7 /* RegisterView.swift */ = {isa = PBXFileReference; lastKnownFileType = sourcecode.swift; path = RegisterView.swift; sourceTree = "<group>"; };
		E11A10B02C415ED1009D1FC7 /* Core */ = {isa = PBXFileReference; lastKnownFileType = wrapper; name = Core; path = Modules/Core; sourceTree = "<group>"; };
		E11A10B32C415EE9009D1FC7 /* Game */ = {isa = PBXFileReference; lastKnownFileType = wrapper; name = Game; path = Modules/Game; sourceTree = "<group>"; };
		E12672972C42BC4C003C8E38 /* GameCommunity */ = {isa = PBXFileReference; lastKnownFileType = wrapper; name = GameCommunity; path = Modules/GameCommunity; sourceTree = "<group>"; };
		E172A5A92C4B0E4300C9F385 /* GoogleService-Info.plist */ = {isa = PBXFileReference; fileEncoding = 4; lastKnownFileType = text.plist.xml; path = "GoogleService-Info.plist"; sourceTree = "<group>"; };
		E1A744EE2C12170F000D9E05 /* GameCard.swift */ = {isa = PBXFileReference; lastKnownFileType = sourcecode.swift; path = GameCard.swift; sourceTree = "<group>"; };
		E1A744F02C1217A3000D9E05 /* Date+Ext.swift */ = {isa = PBXFileReference; lastKnownFileType = sourcecode.swift; path = "Date+Ext.swift"; sourceTree = "<group>"; };
		E1A744F32C1218A0000D9E05 /* GameView.swift */ = {isa = PBXFileReference; lastKnownFileType = sourcecode.swift; path = GameView.swift; sourceTree = "<group>"; };
		E1A744F72C1218B9000D9E05 /* GameRouter.swift */ = {isa = PBXFileReference; lastKnownFileType = sourcecode.swift; path = GameRouter.swift; sourceTree = "<group>"; };
		E1A873892C10B5C000A7DA7E /* HomeRouter.swift */ = {isa = PBXFileReference; lastKnownFileType = sourcecode.swift; path = HomeRouter.swift; sourceTree = "<group>"; };
		E1BCF0CD2C0F451300B0ACD0 /* DetailView.swift */ = {isa = PBXFileReference; lastKnownFileType = sourcecode.swift; path = DetailView.swift; sourceTree = "<group>"; };
		E1BCF0CF2C0F463700B0ACD0 /* TagComponent.swift */ = {isa = PBXFileReference; lastKnownFileType = sourcecode.swift; path = TagComponent.swift; sourceTree = "<group>"; };
		E1BCF0DD2C0F59C300B0ACD0 /* CustomeError+Ext.swift */ = {isa = PBXFileReference; lastKnownFileType = sourcecode.swift; path = "CustomeError+Ext.swift"; sourceTree = "<group>"; };
		E1BCF0DF2C0F5BDB00B0ACD0 /* Injection.swift */ = {isa = PBXFileReference; lastKnownFileType = sourcecode.swift; path = Injection.swift; sourceTree = "<group>"; };
		E1BCF0E52C0F792200B0ACD0 /* CustomEmptyView.swift */ = {isa = PBXFileReference; lastKnownFileType = sourcecode.swift; path = CustomEmptyView.swift; sourceTree = "<group>"; };
		E1C8579B2C13152F0086BCE8 /* ProfileView.swift */ = {isa = PBXFileReference; lastKnownFileType = sourcecode.swift; path = ProfileView.swift; sourceTree = "<group>"; };
		E1C8579D2C1316250086BCE8 /* ProfilePresenter.swift */ = {isa = PBXFileReference; lastKnownFileType = sourcecode.swift; path = ProfilePresenter.swift; sourceTree = "<group>"; };
		E1C857A12C1346230086BCE8 /* DetailSocmedView.swift */ = {isa = PBXFileReference; lastKnownFileType = sourcecode.swift; path = DetailSocmedView.swift; sourceTree = "<group>"; };
		E1C857A32C1346530086BCE8 /* EditProfileView.swift */ = {isa = PBXFileReference; lastKnownFileType = sourcecode.swift; path = EditProfileView.swift; sourceTree = "<group>"; };
		E1C857A52C13476E0086BCE8 /* ProfileRouter.swift */ = {isa = PBXFileReference; lastKnownFileType = sourcecode.swift; path = ProfileRouter.swift; sourceTree = "<group>"; };
		E1C857A72C134A090086BCE8 /* ListGameCell.swift */ = {isa = PBXFileReference; lastKnownFileType = sourcecode.swift; path = ListGameCell.swift; sourceTree = "<group>"; };
		E1C857A92C134D2F0086BCE8 /* FavoriteView.swift */ = {isa = PBXFileReference; lastKnownFileType = sourcecode.swift; path = FavoriteView.swift; sourceTree = "<group>"; };
		E1C857AD2C134D480086BCE8 /* FavoriteRouter.swift */ = {isa = PBXFileReference; lastKnownFileType = sourcecode.swift; path = FavoriteRouter.swift; sourceTree = "<group>"; };
		E1D276EC2C0EDBE700DCE8DE /* TheGameCatalog.app */ = {isa = PBXFileReference; explicitFileType = wrapper.application; includeInIndex = 0; path = TheGameCatalog.app; sourceTree = BUILT_PRODUCTS_DIR; };
		E1D276EF2C0EDBE700DCE8DE /* TheGameCatalogApp.swift */ = {isa = PBXFileReference; lastKnownFileType = sourcecode.swift; path = TheGameCatalogApp.swift; sourceTree = "<group>"; };
		E1D276F12C0EDBE700DCE8DE /* ContentView.swift */ = {isa = PBXFileReference; lastKnownFileType = sourcecode.swift; path = ContentView.swift; sourceTree = "<group>"; };
		E1D276F32C0EDBE900DCE8DE /* Assets.xcassets */ = {isa = PBXFileReference; lastKnownFileType = folder.assetcatalog; path = Assets.xcassets; sourceTree = "<group>"; };
		E1D276F62C0EDBE900DCE8DE /* Preview Assets.xcassets */ = {isa = PBXFileReference; lastKnownFileType = folder.assetcatalog; path = "Preview Assets.xcassets"; sourceTree = "<group>"; };
		E1D2770D2C0EE0E700DCE8DE /* APICall.swift */ = {isa = PBXFileReference; lastKnownFileType = sourcecode.swift; path = APICall.swift; sourceTree = "<group>"; };
		E1D277282C0EE22200DCE8DE /* Tab+Ext.swift */ = {isa = PBXFileReference; lastKnownFileType = sourcecode.swift; path = "Tab+Ext.swift"; sourceTree = "<group>"; };
		E1D2772A2C0EE4A500DCE8DE /* HomeView.swift */ = {isa = PBXFileReference; lastKnownFileType = sourcecode.swift; path = HomeView.swift; sourceTree = "<group>"; };
		E1D2772C2C0EE59C00DCE8DE /* CarouselCard.swift */ = {isa = PBXFileReference; lastKnownFileType = sourcecode.swift; path = CarouselCard.swift; sourceTree = "<group>"; };
		E1D277412C0EEDAD00DCE8DE /* ImageAndTextComponent.swift */ = {isa = PBXFileReference; lastKnownFileType = sourcecode.swift; path = ImageAndTextComponent.swift; sourceTree = "<group>"; };
		E1F511212C142931001F92E2 /* SearchView.swift */ = {isa = PBXFileReference; lastKnownFileType = sourcecode.swift; path = SearchView.swift; sourceTree = "<group>"; };
		E1F511252C14294B001F92E2 /* SearchRouter.swift */ = {isa = PBXFileReference; lastKnownFileType = sourcecode.swift; path = SearchRouter.swift; sourceTree = "<group>"; };
/* End PBXFileReference section */

/* Begin PBXFrameworksBuildPhase section */
		E1D276E92C0EDBE700DCE8DE /* Frameworks */ = {
			isa = PBXFrameworksBuildPhase;
			buildActionMask = 2147483647;
			files = (
				E19053412C49052400E97723 /* GameCommunity in Frameworks */,
				E1BCF0CB2C0F43E500B0ACD0 /* RealmSwift in Frameworks */,
				E1D277402C0EEC3300DCE8DE /* CachedAsyncImage in Frameworks */,
				E1B8A4442C4AF82400EB82D1 /* Core in Frameworks */,
				E190533F2C49052000E97723 /* Game in Frameworks */,
				E1D277382C0EEBB200DCE8DE /* Alamofire in Frameworks */,
				E11A10932C415B37009D1FC7 /* FirebaseFirestoreSwift in Frameworks */,
				E11A10912C415B37009D1FC7 /* FirebaseFirestoreCombine-Community in Frameworks */,
				E11A108F2C415B37009D1FC7 /* FirebaseFirestore in Frameworks */,
				E11A108D2C415B37009D1FC7 /* FirebaseAuth in Frameworks */,
			);
			runOnlyForDeploymentPostprocessing = 0;
		};
/* End PBXFrameworksBuildPhase section */

/* Begin PBXGroup section */
		E11A109C2C415D1C009D1FC7 /* Community */ = {
			isa = PBXGroup;
			children = (
				E11A109E2C415D33009D1FC7 /* View */,
				E11A109D2C415D29009D1FC7 /* Router */,
			);
			path = Community;
			sourceTree = "<group>";
		};
		E11A109D2C415D29009D1FC7 /* Router */ = {
			isa = PBXGroup;
			children = (
				E11A10A02C415D49009D1FC7 /* CommunityRouter.swift */,
			);
			path = Router;
			sourceTree = "<group>";
		};
		E11A109E2C415D33009D1FC7 /* View */ = {
			isa = PBXGroup;
			children = (
				E11A10A42C415D85009D1FC7 /* Components */,
				E11A10A92C415DCB009D1FC7 /* ChatView.swift */,
				E11A10AB2C415DE6009D1FC7 /* LoginView.swift */,
				E11A10AD2C415DFB009D1FC7 /* RegisterView.swift */,
			);
			path = View;
			sourceTree = "<group>";
		};
		E11A10A42C415D85009D1FC7 /* Components */ = {
			isa = PBXGroup;
			children = (
				E11A10A52C415D98009D1FC7 /* InputView.swift */,
				E11A10A72C415DB6009D1FC7 /* BubbleChat.swift */,
			);
			path = Components;
			sourceTree = "<group>";
		};
		E11A10AF2C415ED1009D1FC7 /* Frameworks */ = {
			isa = PBXGroup;
			children = (
				E12672972C42BC4C003C8E38 /* GameCommunity */,
				E11A10B32C415EE9009D1FC7 /* Game */,
				E11A10B02C415ED1009D1FC7 /* Core */,
			);
			name = Frameworks;
			sourceTree = "<group>";
		};
		E1D276E32C0EDBE600DCE8DE = {
			isa = PBXGroup;
			children = (
				E1D276EE2C0EDBE700DCE8DE /* TheGameCatalog */,
				E1D276ED2C0EDBE700DCE8DE /* Products */,
				E11A10AF2C415ED1009D1FC7 /* Frameworks */,
			);
			sourceTree = "<group>";
		};
		E1D276ED2C0EDBE700DCE8DE /* Products */ = {
			isa = PBXGroup;
			children = (
				E1D276EC2C0EDBE700DCE8DE /* TheGameCatalog.app */,
			);
			name = Products;
			sourceTree = "<group>";
		};
		E1D276EE2C0EDBE700DCE8DE /* TheGameCatalog */ = {
			isa = PBXGroup;
			children = (
				E172A5A92C4B0E4300C9F385 /* GoogleService-Info.plist */,
				E1D276FD2C0EE04300DCE8DE /* App */,
				E1D276FE2C0EE05700DCE8DE /* Core */,
				E1D2770F2C0EE0FB00DCE8DE /* Module */,
				E1D276F32C0EDBE900DCE8DE /* Assets.xcassets */,
				E1D276F52C0EDBE900DCE8DE /* Preview Content */,
			);
			path = TheGameCatalog;
			sourceTree = "<group>";
		};
		E1D276F52C0EDBE900DCE8DE /* Preview Content */ = {
			isa = PBXGroup;
			children = (
				E1D276F62C0EDBE900DCE8DE /* Preview Assets.xcassets */,
			);
			path = "Preview Content";
			sourceTree = "<group>";
		};
		E1D276FD2C0EE04300DCE8DE /* App */ = {
			isa = PBXGroup;
			children = (
				E1D276F12C0EDBE700DCE8DE /* ContentView.swift */,
				E1D276EF2C0EDBE700DCE8DE /* TheGameCatalogApp.swift */,
			);
			path = App;
			sourceTree = "<group>";
		};
		E1D276FE2C0EE05700DCE8DE /* Core */ = {
			isa = PBXGroup;
			children = (
				E1D277042C0EE09500DCE8DE /* DI */,
				E1D277082C0EE0B800DCE8DE /* Utils */,
			);
			path = Core;
			sourceTree = "<group>";
		};
		E1D277042C0EE09500DCE8DE /* DI */ = {
			isa = PBXGroup;
			children = (
				E1BCF0DF2C0F5BDB00B0ACD0 /* Injection.swift */,
			);
			path = DI;
			sourceTree = "<group>";
		};
		E1D277082C0EE0B800DCE8DE /* Utils */ = {
			isa = PBXGroup;
			children = (
				E1D277092C0EE0C000DCE8DE /* View */,
				E1D2770A2C0EE0C600DCE8DE /* Extensions */,
				E1D2770C2C0EE0D700DCE8DE /* Network */,
			);
			path = Utils;
			sourceTree = "<group>";
		};
		E1D277092C0EE0C000DCE8DE /* View */ = {
			isa = PBXGroup;
			children = (
				E1D2772C2C0EE59C00DCE8DE /* CarouselCard.swift */,
				E1D277412C0EEDAD00DCE8DE /* ImageAndTextComponent.swift */,
				E1BCF0CF2C0F463700B0ACD0 /* TagComponent.swift */,
				E1BCF0E52C0F792200B0ACD0 /* CustomEmptyView.swift */,
				E1A744EE2C12170F000D9E05 /* GameCard.swift */,
				E1C857A72C134A090086BCE8 /* ListGameCell.swift */,
			);
			path = View;
			sourceTree = "<group>";
		};
		E1D2770A2C0EE0C600DCE8DE /* Extensions */ = {
			isa = PBXGroup;
			children = (
				E1D277282C0EE22200DCE8DE /* Tab+Ext.swift */,
				E1BCF0DD2C0F59C300B0ACD0 /* CustomeError+Ext.swift */,
				E1A744F02C1217A3000D9E05 /* Date+Ext.swift */,
			);
			path = Extensions;
			sourceTree = "<group>";
		};
		E1D2770C2C0EE0D700DCE8DE /* Network */ = {
			isa = PBXGroup;
			children = (
				E1D2770D2C0EE0E700DCE8DE /* APICall.swift */,
			);
			path = Network;
			sourceTree = "<group>";
		};
		E1D2770F2C0EE0FB00DCE8DE /* Module */ = {
			isa = PBXGroup;
			children = (
				E11A109C2C415D1C009D1FC7 /* Community */,
				E1D277242C0EE19400DCE8DE /* Game */,
				E1D277202C0EE17700DCE8DE /* Profile */,
				E1D2771C2C0EE16200DCE8DE /* Search */,
				E1D277182C0EE13700DCE8DE /* Favorite */,
				E1D277142C0EE12100DCE8DE /* Home */,
				E1D277102C0EE10700DCE8DE /* Detail */,
			);
			path = Module;
			sourceTree = "<group>";
		};
		E1D277102C0EE10700DCE8DE /* Detail */ = {
			isa = PBXGroup;
			children = (
				E1D277132C0EE11B00DCE8DE /* View */,
			);
			path = Detail;
			sourceTree = "<group>";
		};
		E1D277132C0EE11B00DCE8DE /* View */ = {
			isa = PBXGroup;
			children = (
				E1BCF0CD2C0F451300B0ACD0 /* DetailView.swift */,
			);
			path = View;
			sourceTree = "<group>";
		};
		E1D277142C0EE12100DCE8DE /* Home */ = {
			isa = PBXGroup;
			children = (
				E1D277172C0EE13000DCE8DE /* Router */,
				E1D277162C0EE12B00DCE8DE /* View */,
			);
			path = Home;
			sourceTree = "<group>";
		};
		E1D277162C0EE12B00DCE8DE /* View */ = {
			isa = PBXGroup;
			children = (
				E1D2772A2C0EE4A500DCE8DE /* HomeView.swift */,
			);
			path = View;
			sourceTree = "<group>";
		};
		E1D277172C0EE13000DCE8DE /* Router */ = {
			isa = PBXGroup;
			children = (
				E1A873892C10B5C000A7DA7E /* HomeRouter.swift */,
			);
			path = Router;
			sourceTree = "<group>";
		};
		E1D277182C0EE13700DCE8DE /* Favorite */ = {
			isa = PBXGroup;
			children = (
				E1D2771B2C0EE15500DCE8DE /* View */,
				E1D2771A2C0EE14F00DCE8DE /* Router */,
			);
			path = Favorite;
			sourceTree = "<group>";
		};
		E1D2771A2C0EE14F00DCE8DE /* Router */ = {
			isa = PBXGroup;
			children = (
				E1C857AD2C134D480086BCE8 /* FavoriteRouter.swift */,
			);
			path = Router;
			sourceTree = "<group>";
		};
		E1D2771B2C0EE15500DCE8DE /* View */ = {
			isa = PBXGroup;
			children = (
				E1C857A92C134D2F0086BCE8 /* FavoriteView.swift */,
			);
			path = View;
			sourceTree = "<group>";
		};
		E1D2771C2C0EE16200DCE8DE /* Search */ = {
			isa = PBXGroup;
			children = (
				E1D2771F2C0EE17100DCE8DE /* Router */,
				E1D2771E2C0EE16C00DCE8DE /* View */,
			);
			path = Search;
			sourceTree = "<group>";
		};
		E1D2771E2C0EE16C00DCE8DE /* View */ = {
			isa = PBXGroup;
			children = (
				E1F511212C142931001F92E2 /* SearchView.swift */,
			);
			path = View;
			sourceTree = "<group>";
		};
		E1D2771F2C0EE17100DCE8DE /* Router */ = {
			isa = PBXGroup;
			children = (
				E1F511252C14294B001F92E2 /* SearchRouter.swift */,
			);
			path = Router;
			sourceTree = "<group>";
		};
		E1D277202C0EE17700DCE8DE /* Profile */ = {
			isa = PBXGroup;
			children = (
				E1D277232C0EE18900DCE8DE /* Router */,
				E1D277222C0EE18500DCE8DE /* View */,
				E1D277212C0EE17B00DCE8DE /* Presenter */,
			);
			path = Profile;
			sourceTree = "<group>";
		};
		E1D277212C0EE17B00DCE8DE /* Presenter */ = {
			isa = PBXGroup;
			children = (
				E1C8579D2C1316250086BCE8 /* ProfilePresenter.swift */,
			);
			path = Presenter;
			sourceTree = "<group>";
		};
		E1D277222C0EE18500DCE8DE /* View */ = {
			isa = PBXGroup;
			children = (
				E1C8579B2C13152F0086BCE8 /* ProfileView.swift */,
				E1C857A12C1346230086BCE8 /* DetailSocmedView.swift */,
				E1C857A32C1346530086BCE8 /* EditProfileView.swift */,
			);
			path = View;
			sourceTree = "<group>";
		};
		E1D277232C0EE18900DCE8DE /* Router */ = {
			isa = PBXGroup;
			children = (
				E1C857A52C13476E0086BCE8 /* ProfileRouter.swift */,
			);
			path = Router;
			sourceTree = "<group>";
		};
		E1D277242C0EE19400DCE8DE /* Game */ = {
			isa = PBXGroup;
			children = (
				E1D277272C0EE1A500DCE8DE /* Router */,
				E1D277262C0EE1A000DCE8DE /* View */,
			);
			path = Game;
			sourceTree = "<group>";
		};
		E1D277262C0EE1A000DCE8DE /* View */ = {
			isa = PBXGroup;
			children = (
				E1A744F32C1218A0000D9E05 /* GameView.swift */,
			);
			path = View;
			sourceTree = "<group>";
		};
		E1D277272C0EE1A500DCE8DE /* Router */ = {
			isa = PBXGroup;
			children = (
				E1A744F72C1218B9000D9E05 /* GameRouter.swift */,
			);
			path = Router;
			sourceTree = "<group>";
		};
/* End PBXGroup section */

/* Begin PBXNativeTarget section */
		E1D276EB2C0EDBE700DCE8DE /* TheGameCatalog */ = {
			isa = PBXNativeTarget;
			buildConfigurationList = E1D276FA2C0EDBE900DCE8DE /* Build configuration list for PBXNativeTarget "TheGameCatalog" */;
			buildPhases = (
				E1D276E82C0EDBE700DCE8DE /* Sources */,
				E1D276E92C0EDBE700DCE8DE /* Frameworks */,
				E1D276EA2C0EDBE700DCE8DE /* Resources */,
				E1BCF0C22C0F417D00B0ACD0 /* Embed Frameworks */,
				E1F5112B2C1441BC001F92E2 /* ShellScript */,
			);
			buildRules = (
			);
			dependencies = (
			);
			name = TheGameCatalog;
			packageProductDependencies = (
				E1D277372C0EEBB200DCE8DE /* Alamofire */,
				E1D2773F2C0EEC3300DCE8DE /* CachedAsyncImage */,
				E1BCF0CA2C0F43E500B0ACD0 /* RealmSwift */,
				E11A108C2C415B37009D1FC7 /* FirebaseAuth */,
				E11A108E2C415B37009D1FC7 /* FirebaseFirestore */,
				E11A10902C415B37009D1FC7 /* FirebaseFirestoreCombine-Community */,
				E11A10922C415B37009D1FC7 /* FirebaseFirestoreSwift */,
				E190533E2C49052000E97723 /* Game */,
				E19053402C49052400E97723 /* GameCommunity */,
				E1B8A4432C4AF82400EB82D1 /* Core */,
			);
			productName = TheGameCatalog;
			productReference = E1D276EC2C0EDBE700DCE8DE /* TheGameCatalog.app */;
			productType = "com.apple.product-type.application";
		};
/* End PBXNativeTarget section */

/* Begin PBXProject section */
		E1D276E42C0EDBE600DCE8DE /* Project object */ = {
			isa = PBXProject;
			attributes = {
				BuildIndependentTargetsInParallel = 1;
				LastSwiftUpdateCheck = 1540;
				LastUpgradeCheck = 1540;
				TargetAttributes = {
					E1D276EB2C0EDBE700DCE8DE = {
						CreatedOnToolsVersion = 15.4;
					};
				};
			};
			buildConfigurationList = E1D276E72C0EDBE600DCE8DE /* Build configuration list for PBXProject "TheGameCatalog" */;
			compatibilityVersion = "Xcode 14.0";
			developmentRegion = en;
			hasScannedForEncodings = 0;
			knownRegions = (
				en,
				Base,
			);
			mainGroup = E1D276E32C0EDBE600DCE8DE;
			packageReferences = (
				E1D277362C0EEBB200DCE8DE /* XCRemoteSwiftPackageReference "Alamofire" */,
				E1D2773E2C0EEC3300DCE8DE /* XCRemoteSwiftPackageReference "swiftui-cached-async-image" */,
				E1BCF0C92C0F43E500B0ACD0 /* XCRemoteSwiftPackageReference "realm-swift" */,
				E11A108B2C415B37009D1FC7 /* XCRemoteSwiftPackageReference "firebase-ios-sdk" */,
			);
			productRefGroup = E1D276ED2C0EDBE700DCE8DE /* Products */;
			projectDirPath = "";
			projectRoot = "";
			targets = (
				E1D276EB2C0EDBE700DCE8DE /* TheGameCatalog */,
			);
		};
/* End PBXProject section */

/* Begin PBXResourcesBuildPhase section */
		E1D276EA2C0EDBE700DCE8DE /* Resources */ = {
			isa = PBXResourcesBuildPhase;
			buildActionMask = 2147483647;
			files = (
				E1D276F72C0EDBE900DCE8DE /* Preview Assets.xcassets in Resources */,
				E1D276F42C0EDBE900DCE8DE /* Assets.xcassets in Resources */,
				E172A5AA2C4B0E4300C9F385 /* GoogleService-Info.plist in Resources */,
			);
			runOnlyForDeploymentPostprocessing = 0;
		};
/* End PBXResourcesBuildPhase section */

/* Begin PBXShellScriptBuildPhase section */
		E1F5112B2C1441BC001F92E2 /* ShellScript */ = {
			isa = PBXShellScriptBuildPhase;
			buildActionMask = 2147483647;
			files = (
			);
			inputFileListPaths = (
			);
			inputPaths = (
			);
			outputFileListPaths = (
			);
			outputPaths = (
			);
			runOnlyForDeploymentPostprocessing = 0;
			shellPath = /bin/sh;
			shellScript = "if [[ \"$(uname -m)\" == arm64 ]]; then\n    export PATH=\"/opt/homebrew/bin:$PATH\"\nfi\n\nif which swiftlint > /dev/null; then\n  swiftlint\nelse\n  echo \"warning: SwiftLint not installed, download from https://github.com/realm/SwiftLint\"\nfi\n";
		};
/* End PBXShellScriptBuildPhase section */

/* Begin PBXSourcesBuildPhase section */
		E1D276E82C0EDBE700DCE8DE /* Sources */ = {
			isa = PBXSourcesBuildPhase;
			buildActionMask = 2147483647;
			files = (
				E1F511262C14294B001F92E2 /* SearchRouter.swift in Sources */,
				E1BCF0E02C0F5BDC00B0ACD0 /* Injection.swift in Sources */,
				E1C8579E2C1316250086BCE8 /* ProfilePresenter.swift in Sources */,
				E1BCF0CE2C0F451300B0ACD0 /* DetailView.swift in Sources */,
				E1D276F22C0EDBE700DCE8DE /* ContentView.swift in Sources */,
				E1D2772D2C0EE59C00DCE8DE /* CarouselCard.swift in Sources */,
				E1C857A22C1346230086BCE8 /* DetailSocmedView.swift in Sources */,
				E1F511222C142931001F92E2 /* SearchView.swift in Sources */,
				E1BCF0E62C0F792200B0ACD0 /* CustomEmptyView.swift in Sources */,
				E1C857AA2C134D2F0086BCE8 /* FavoriteView.swift in Sources */,
				E1BCF0D02C0F463700B0ACD0 /* TagComponent.swift in Sources */,
				E11A10AE2C415DFB009D1FC7 /* RegisterView.swift in Sources */,
				E1A744F12C1217A3000D9E05 /* Date+Ext.swift in Sources */,
				E11A10A62C415D98009D1FC7 /* InputView.swift in Sources */,
				E11A10AA2C415DCB009D1FC7 /* ChatView.swift in Sources */,
				E1D276F02C0EDBE700DCE8DE /* TheGameCatalogApp.swift in Sources */,
				E11A10A12C415D49009D1FC7 /* CommunityRouter.swift in Sources */,
				E1D277422C0EEDAD00DCE8DE /* ImageAndTextComponent.swift in Sources */,
				E1A744F82C1218B9000D9E05 /* GameRouter.swift in Sources */,
				E1D2770E2C0EE0E700DCE8DE /* APICall.swift in Sources */,
				E1C857A62C13476E0086BCE8 /* ProfileRouter.swift in Sources */,
				E1D2772B2C0EE4A500DCE8DE /* HomeView.swift in Sources */,
				E11A10AC2C415DE6009D1FC7 /* LoginView.swift in Sources */,
				E1A744EF2C12170F000D9E05 /* GameCard.swift in Sources */,
				E11A10A82C415DB6009D1FC7 /* BubbleChat.swift in Sources */,
				E1C8579C2C13152F0086BCE8 /* ProfileView.swift in Sources */,
				E1C857AE2C134D480086BCE8 /* FavoriteRouter.swift in Sources */,
				E1C857A42C1346530086BCE8 /* EditProfileView.swift in Sources */,
				E1C857A82C134A090086BCE8 /* ListGameCell.swift in Sources */,
				E1D277292C0EE22200DCE8DE /* Tab+Ext.swift in Sources */,
				E1A8738A2C10B5C000A7DA7E /* HomeRouter.swift in Sources */,
				E1A744F42C1218A0000D9E05 /* GameView.swift in Sources */,
				E1BCF0DE2C0F59C300B0ACD0 /* CustomeError+Ext.swift in Sources */,
			);
			runOnlyForDeploymentPostprocessing = 0;
		};
/* End PBXSourcesBuildPhase section */

/* Begin XCBuildConfiguration section */
		E1D276F82C0EDBE900DCE8DE /* Debug */ = {
			isa = XCBuildConfiguration;
			buildSettings = {
				ALWAYS_SEARCH_USER_PATHS = NO;
				ASSETCATALOG_COMPILER_GENERATE_SWIFT_ASSET_SYMBOL_EXTENSIONS = YES;
				CLANG_ANALYZER_NONNULL = YES;
				CLANG_ANALYZER_NUMBER_OBJECT_CONVERSION = YES_AGGRESSIVE;
				CLANG_CXX_LANGUAGE_STANDARD = "gnu++20";
				CLANG_ENABLE_MODULES = YES;
				CLANG_ENABLE_OBJC_ARC = YES;
				CLANG_ENABLE_OBJC_WEAK = YES;
				CLANG_WARN_BLOCK_CAPTURE_AUTORELEASING = YES;
				CLANG_WARN_BOOL_CONVERSION = YES;
				CLANG_WARN_COMMA = YES;
				CLANG_WARN_CONSTANT_CONVERSION = YES;
				CLANG_WARN_DEPRECATED_OBJC_IMPLEMENTATIONS = YES;
				CLANG_WARN_DIRECT_OBJC_ISA_USAGE = YES_ERROR;
				CLANG_WARN_DOCUMENTATION_COMMENTS = YES;
				CLANG_WARN_EMPTY_BODY = YES;
				CLANG_WARN_ENUM_CONVERSION = YES;
				CLANG_WARN_INFINITE_RECURSION = YES;
				CLANG_WARN_INT_CONVERSION = YES;
				CLANG_WARN_NON_LITERAL_NULL_CONVERSION = YES;
				CLANG_WARN_OBJC_IMPLICIT_RETAIN_SELF = YES;
				CLANG_WARN_OBJC_LITERAL_CONVERSION = YES;
				CLANG_WARN_OBJC_ROOT_CLASS = YES_ERROR;
				CLANG_WARN_QUOTED_INCLUDE_IN_FRAMEWORK_HEADER = YES;
				CLANG_WARN_RANGE_LOOP_ANALYSIS = YES;
				CLANG_WARN_STRICT_PROTOTYPES = YES;
				CLANG_WARN_SUSPICIOUS_MOVE = YES;
				CLANG_WARN_UNGUARDED_AVAILABILITY = YES_AGGRESSIVE;
				CLANG_WARN_UNREACHABLE_CODE = YES;
				CLANG_WARN__DUPLICATE_METHOD_MATCH = YES;
				COPY_PHASE_STRIP = NO;
				DEBUG_INFORMATION_FORMAT = dwarf;
				ENABLE_STRICT_OBJC_MSGSEND = YES;
				ENABLE_TESTABILITY = YES;
				ENABLE_USER_SCRIPT_SANDBOXING = YES;
				GCC_C_LANGUAGE_STANDARD = gnu17;
				GCC_DYNAMIC_NO_PIC = NO;
				GCC_NO_COMMON_BLOCKS = YES;
				GCC_OPTIMIZATION_LEVEL = 0;
				GCC_PREPROCESSOR_DEFINITIONS = (
					"DEBUG=1",
					"$(inherited)",
				);
				GCC_WARN_64_TO_32_BIT_CONVERSION = YES;
				GCC_WARN_ABOUT_RETURN_TYPE = YES_ERROR;
				GCC_WARN_UNDECLARED_SELECTOR = YES;
				GCC_WARN_UNINITIALIZED_AUTOS = YES_AGGRESSIVE;
				GCC_WARN_UNUSED_FUNCTION = YES;
				GCC_WARN_UNUSED_VARIABLE = YES;
				IPHONEOS_DEPLOYMENT_TARGET = 16.0;
				LOCALIZATION_PREFERS_STRING_CATALOGS = YES;
				MTL_ENABLE_DEBUG_INFO = INCLUDE_SOURCE;
				MTL_FAST_MATH = YES;
				ONLY_ACTIVE_ARCH = YES;
				SDKROOT = iphoneos;
				SWIFT_ACTIVE_COMPILATION_CONDITIONS = "DEBUG $(inherited)";
				SWIFT_OPTIMIZATION_LEVEL = "-Onone";
			};
			name = Debug;
		};
		E1D276F92C0EDBE900DCE8DE /* Release */ = {
			isa = XCBuildConfiguration;
			buildSettings = {
				ALWAYS_SEARCH_USER_PATHS = NO;
				ASSETCATALOG_COMPILER_GENERATE_SWIFT_ASSET_SYMBOL_EXTENSIONS = YES;
				CLANG_ANALYZER_NONNULL = YES;
				CLANG_ANALYZER_NUMBER_OBJECT_CONVERSION = YES_AGGRESSIVE;
				CLANG_CXX_LANGUAGE_STANDARD = "gnu++20";
				CLANG_ENABLE_MODULES = YES;
				CLANG_ENABLE_OBJC_ARC = YES;
				CLANG_ENABLE_OBJC_WEAK = YES;
				CLANG_WARN_BLOCK_CAPTURE_AUTORELEASING = YES;
				CLANG_WARN_BOOL_CONVERSION = YES;
				CLANG_WARN_COMMA = YES;
				CLANG_WARN_CONSTANT_CONVERSION = YES;
				CLANG_WARN_DEPRECATED_OBJC_IMPLEMENTATIONS = YES;
				CLANG_WARN_DIRECT_OBJC_ISA_USAGE = YES_ERROR;
				CLANG_WARN_DOCUMENTATION_COMMENTS = YES;
				CLANG_WARN_EMPTY_BODY = YES;
				CLANG_WARN_ENUM_CONVERSION = YES;
				CLANG_WARN_INFINITE_RECURSION = YES;
				CLANG_WARN_INT_CONVERSION = YES;
				CLANG_WARN_NON_LITERAL_NULL_CONVERSION = YES;
				CLANG_WARN_OBJC_IMPLICIT_RETAIN_SELF = YES;
				CLANG_WARN_OBJC_LITERAL_CONVERSION = YES;
				CLANG_WARN_OBJC_ROOT_CLASS = YES_ERROR;
				CLANG_WARN_QUOTED_INCLUDE_IN_FRAMEWORK_HEADER = YES;
				CLANG_WARN_RANGE_LOOP_ANALYSIS = YES;
				CLANG_WARN_STRICT_PROTOTYPES = YES;
				CLANG_WARN_SUSPICIOUS_MOVE = YES;
				CLANG_WARN_UNGUARDED_AVAILABILITY = YES_AGGRESSIVE;
				CLANG_WARN_UNREACHABLE_CODE = YES;
				CLANG_WARN__DUPLICATE_METHOD_MATCH = YES;
				COPY_PHASE_STRIP = NO;
				DEBUG_INFORMATION_FORMAT = "dwarf-with-dsym";
				ENABLE_NS_ASSERTIONS = NO;
				ENABLE_STRICT_OBJC_MSGSEND = YES;
				ENABLE_USER_SCRIPT_SANDBOXING = YES;
				GCC_C_LANGUAGE_STANDARD = gnu17;
				GCC_NO_COMMON_BLOCKS = YES;
				GCC_WARN_64_TO_32_BIT_CONVERSION = YES;
				GCC_WARN_ABOUT_RETURN_TYPE = YES_ERROR;
				GCC_WARN_UNDECLARED_SELECTOR = YES;
				GCC_WARN_UNINITIALIZED_AUTOS = YES_AGGRESSIVE;
				GCC_WARN_UNUSED_FUNCTION = YES;
				GCC_WARN_UNUSED_VARIABLE = YES;
				IPHONEOS_DEPLOYMENT_TARGET = 16.0;
				LOCALIZATION_PREFERS_STRING_CATALOGS = YES;
				MTL_ENABLE_DEBUG_INFO = NO;
				MTL_FAST_MATH = YES;
				SDKROOT = iphoneos;
				SWIFT_COMPILATION_MODE = wholemodule;
				VALIDATE_PRODUCT = YES;
			};
			name = Release;
		};
		E1D276FB2C0EDBE900DCE8DE /* Debug */ = {
			isa = XCBuildConfiguration;
			buildSettings = {
				ASSETCATALOG_COMPILER_APPICON_NAME = AppIcon;
				ASSETCATALOG_COMPILER_GLOBAL_ACCENT_COLOR_NAME = AccentColor;
				CODE_SIGN_STYLE = Automatic;
				CURRENT_PROJECT_VERSION = 1;
				DEVELOPMENT_ASSET_PATHS = "\"TheGameCatalog/Preview Content\"";
				DEVELOPMENT_TEAM = VF6JHT8XMV;
				ENABLE_PREVIEWS = YES;
				ENABLE_USER_SCRIPT_SANDBOXING = NO;
				GENERATE_INFOPLIST_FILE = YES;
				INFOPLIST_KEY_CFBundleDisplayName = "Catalog Game";
				INFOPLIST_KEY_LSApplicationCategoryType = "public.app-category.magazines-and-newspapers";
				INFOPLIST_KEY_UIApplicationSceneManifest_Generation = YES;
				INFOPLIST_KEY_UIApplicationSupportsIndirectInputEvents = YES;
				INFOPLIST_KEY_UILaunchScreen_Generation = YES;
				INFOPLIST_KEY_UISupportedInterfaceOrientations = UIInterfaceOrientationPortrait;
				INFOPLIST_KEY_UISupportedInterfaceOrientations_iPad = "UIInterfaceOrientationLandscapeLeft UIInterfaceOrientationLandscapeRight UIInterfaceOrientationPortrait UIInterfaceOrientationPortraitUpsideDown";
				IPHONEOS_DEPLOYMENT_TARGET = 16.0;
				LD_RUNPATH_SEARCH_PATHS = (
					"$(inherited)",
					"@executable_path/Frameworks",
				);
				MARKETING_VERSION = 1.0;
				PRODUCT_BUNDLE_IDENTIFIER = com.dionpamungkas.TheGameCatalog;
				PRODUCT_NAME = "$(TARGET_NAME)";
				SUPPORTED_PLATFORMS = "iphoneos iphonesimulator";
				SUPPORTS_MACCATALYST = NO;
				SUPPORTS_MAC_DESIGNED_FOR_IPHONE_IPAD = NO;
				SUPPORTS_XR_DESIGNED_FOR_IPHONE_IPAD = NO;
				SWIFT_EMIT_LOC_STRINGS = YES;
				SWIFT_VERSION = 5.0;
				TARGETED_DEVICE_FAMILY = 1;
			};
			name = Debug;
		};
		E1D276FC2C0EDBE900DCE8DE /* Release */ = {
			isa = XCBuildConfiguration;
			buildSettings = {
				ASSETCATALOG_COMPILER_APPICON_NAME = AppIcon;
				ASSETCATALOG_COMPILER_GLOBAL_ACCENT_COLOR_NAME = AccentColor;
				CODE_SIGN_STYLE = Automatic;
				CURRENT_PROJECT_VERSION = 1;
				DEVELOPMENT_ASSET_PATHS = "\"TheGameCatalog/Preview Content\"";
				DEVELOPMENT_TEAM = VF6JHT8XMV;
				ENABLE_PREVIEWS = YES;
				ENABLE_USER_SCRIPT_SANDBOXING = NO;
				GENERATE_INFOPLIST_FILE = YES;
				INFOPLIST_KEY_CFBundleDisplayName = "Catalog Game";
				INFOPLIST_KEY_LSApplicationCategoryType = "public.app-category.magazines-and-newspapers";
				INFOPLIST_KEY_UIApplicationSceneManifest_Generation = YES;
				INFOPLIST_KEY_UIApplicationSupportsIndirectInputEvents = YES;
				INFOPLIST_KEY_UILaunchScreen_Generation = YES;
				INFOPLIST_KEY_UISupportedInterfaceOrientations = UIInterfaceOrientationPortrait;
				INFOPLIST_KEY_UISupportedInterfaceOrientations_iPad = "UIInterfaceOrientationLandscapeLeft UIInterfaceOrientationLandscapeRight UIInterfaceOrientationPortrait UIInterfaceOrientationPortraitUpsideDown";
				IPHONEOS_DEPLOYMENT_TARGET = 16.0;
				LD_RUNPATH_SEARCH_PATHS = (
					"$(inherited)",
					"@executable_path/Frameworks",
				);
				MARKETING_VERSION = 1.0;
				PRODUCT_BUNDLE_IDENTIFIER = com.dionpamungkas.TheGameCatalog;
				PRODUCT_NAME = "$(TARGET_NAME)";
				SUPPORTED_PLATFORMS = "iphoneos iphonesimulator";
				SUPPORTS_MACCATALYST = NO;
				SUPPORTS_MAC_DESIGNED_FOR_IPHONE_IPAD = NO;
				SUPPORTS_XR_DESIGNED_FOR_IPHONE_IPAD = NO;
				SWIFT_EMIT_LOC_STRINGS = YES;
				SWIFT_VERSION = 5.0;
				TARGETED_DEVICE_FAMILY = 1;
			};
			name = Release;
		};
/* End XCBuildConfiguration section */

/* Begin XCConfigurationList section */
		E1D276E72C0EDBE600DCE8DE /* Build configuration list for PBXProject "TheGameCatalog" */ = {
			isa = XCConfigurationList;
			buildConfigurations = (
				E1D276F82C0EDBE900DCE8DE /* Debug */,
				E1D276F92C0EDBE900DCE8DE /* Release */,
			);
			defaultConfigurationIsVisible = 0;
			defaultConfigurationName = Release;
		};
		E1D276FA2C0EDBE900DCE8DE /* Build configuration list for PBXNativeTarget "TheGameCatalog" */ = {
			isa = XCConfigurationList;
			buildConfigurations = (
				E1D276FB2C0EDBE900DCE8DE /* Debug */,
				E1D276FC2C0EDBE900DCE8DE /* Release */,
			);
			defaultConfigurationIsVisible = 0;
			defaultConfigurationName = Release;
		};
/* End XCConfigurationList section */

/* Begin XCRemoteSwiftPackageReference section */
		E11A108B2C415B37009D1FC7 /* XCRemoteSwiftPackageReference "firebase-ios-sdk" */ = {
			isa = XCRemoteSwiftPackageReference;
			repositoryURL = "https://github.com/firebase/firebase-ios-sdk";
			requirement = {
				kind = upToNextMajorVersion;
				minimumVersion = 10.29.0;
			};
		};
		E1BCF0C92C0F43E500B0ACD0 /* XCRemoteSwiftPackageReference "realm-swift" */ = {
			isa = XCRemoteSwiftPackageReference;
			repositoryURL = "https://github.com/realm/realm-swift.git";
			requirement = {
				branch = master;
				kind = branch;
			};
		};
		E1D277362C0EEBB200DCE8DE /* XCRemoteSwiftPackageReference "Alamofire" */ = {
			isa = XCRemoteSwiftPackageReference;
			repositoryURL = "https://github.com/Alamofire/Alamofire";
			requirement = {
				kind = upToNextMajorVersion;
				minimumVersion = 5.0.0;
			};
		};
		E1D2773E2C0EEC3300DCE8DE /* XCRemoteSwiftPackageReference "swiftui-cached-async-image" */ = {
			isa = XCRemoteSwiftPackageReference;
			repositoryURL = "https://github.com/lorenzofiamingo/swiftui-cached-async-image";
			requirement = {
				kind = upToNextMajorVersion;
				minimumVersion = 2.0.0;
			};
		};
/* End XCRemoteSwiftPackageReference section */

/* Begin XCSwiftPackageProductDependency section */
		E11A108C2C415B37009D1FC7 /* FirebaseAuth */ = {
			isa = XCSwiftPackageProductDependency;
			package = E11A108B2C415B37009D1FC7 /* XCRemoteSwiftPackageReference "firebase-ios-sdk" */;
			productName = FirebaseAuth;
		};
		E11A108E2C415B37009D1FC7 /* FirebaseFirestore */ = {
			isa = XCSwiftPackageProductDependency;
			package = E11A108B2C415B37009D1FC7 /* XCRemoteSwiftPackageReference "firebase-ios-sdk" */;
			productName = FirebaseFirestore;
		};
		E11A10902C415B37009D1FC7 /* FirebaseFirestoreCombine-Community */ = {
			isa = XCSwiftPackageProductDependency;
			package = E11A108B2C415B37009D1FC7 /* XCRemoteSwiftPackageReference "firebase-ios-sdk" */;
			productName = "FirebaseFirestoreCombine-Community";
		};
		E11A10922C415B37009D1FC7 /* FirebaseFirestoreSwift */ = {
			isa = XCSwiftPackageProductDependency;
			package = E11A108B2C415B37009D1FC7 /* XCRemoteSwiftPackageReference "firebase-ios-sdk" */;
			productName = FirebaseFirestoreSwift;
		};
		E190533E2C49052000E97723 /* Game */ = {
			isa = XCSwiftPackageProductDependency;
			productName = Game;
		};
		E19053402C49052400E97723 /* GameCommunity */ = {
			isa = XCSwiftPackageProductDependency;
			productName = GameCommunity;
		};
		E1B8A4432C4AF82400EB82D1 /* Core */ = {
			isa = XCSwiftPackageProductDependency;
			productName = Core;
		};
		E1BCF0CA2C0F43E500B0ACD0 /* RealmSwift */ = {
			isa = XCSwiftPackageProductDependency;
			package = E1BCF0C92C0F43E500B0ACD0 /* XCRemoteSwiftPackageReference "realm-swift" */;
			productName = RealmSwift;
		};
		E1D277372C0EEBB200DCE8DE /* Alamofire */ = {
			isa = XCSwiftPackageProductDependency;
			package = E1D277362C0EEBB200DCE8DE /* XCRemoteSwiftPackageReference "Alamofire" */;
			productName = Alamofire;
		};
		E1D2773F2C0EEC3300DCE8DE /* CachedAsyncImage */ = {
			isa = XCSwiftPackageProductDependency;
			package = E1D2773E2C0EEC3300DCE8DE /* XCRemoteSwiftPackageReference "swiftui-cached-async-image" */;
			productName = CachedAsyncImage;
		};
/* End XCSwiftPackageProductDependency section */
	};
	rootObject = E1D276E42C0EDBE600DCE8DE /* Project object */;
}
